// !$*UTF8*$!
{
	archiveVersion = 1;
	classes = {
	};
	objectVersion = 50;
	objects = {

/* Begin PBXBuildFile section */
		DBB50FA6230C68A800511547 /* AppDelegate.swift in Sources */ = {isa = PBXBuildFile; fileRef = DBB50FA5230C68A800511547 /* AppDelegate.swift */; };
		DBB50FA8230C68A800511547 /* SceneDelegate.swift in Sources */ = {isa = PBXBuildFile; fileRef = DBB50FA7230C68A800511547 /* SceneDelegate.swift */; };
		DBB50FAA230C68A800511547 /* ContentView.swift in Sources */ = {isa = PBXBuildFile; fileRef = DBB50FA9230C68A800511547 /* ContentView.swift */; };
		DBB50FAC230C68A900511547 /* Assets.xcassets in Resources */ = {isa = PBXBuildFile; fileRef = DBB50FAB230C68A900511547 /* Assets.xcassets */; };
		DBB50FAF230C68A900511547 /* Preview Assets.xcassets in Resources */ = {isa = PBXBuildFile; fileRef = DBB50FAE230C68A900511547 /* Preview Assets.xcassets */; };
		DBB50FB2230C68A900511547 /* LaunchScreen.storyboard in Resources */ = {isa = PBXBuildFile; fileRef = DBB50FB0230C68A900511547 /* LaunchScreen.storyboard */; };
/* End PBXBuildFile section */

/* Begin PBXFileReference section */
		DBB50FA2230C68A800511547 /* EsoArmoury.app */ = {isa = PBXFileReference; explicitFileType = wrapper.application; includeInIndex = 0; path = EsoArmoury.app; sourceTree = BUILT_PRODUCTS_DIR; };
		DBB50FA5230C68A800511547 /* AppDelegate.swift */ = {isa = PBXFileReference; lastKnownFileType = sourcecode.swift; path = AppDelegate.swift; sourceTree = "<group>"; };
		DBB50FA7230C68A800511547 /* SceneDelegate.swift */ = {isa = PBXFileReference; lastKnownFileType = sourcecode.swift; path = SceneDelegate.swift; sourceTree = "<group>"; };
		DBB50FA9230C68A800511547 /* ContentView.swift */ = {isa = PBXFileReference; lastKnownFileType = sourcecode.swift; path = ContentView.swift; sourceTree = "<group>"; };
		DBB50FAB230C68A900511547 /* Assets.xcassets */ = {isa = PBXFileReference; lastKnownFileType = folder.assetcatalog; path = Assets.xcassets; sourceTree = "<group>"; };
		DBB50FAE230C68A900511547 /* Preview Assets.xcassets */ = {isa = PBXFileReference; lastKnownFileType = folder.assetcatalog; path = "Preview Assets.xcassets"; sourceTree = "<group>"; };
		DBB50FB1230C68A900511547 /* Base */ = {isa = PBXFileReference; lastKnownFileType = file.storyboard; name = Base; path = Base.lproj/LaunchScreen.storyboard; sourceTree = "<group>"; };
		DBB50FB3230C68A900511547 /* Info.plist */ = {isa = PBXFileReference; lastKnownFileType = text.plist.xml; path = Info.plist; sourceTree = "<group>"; };
/* End PBXFileReference section */

/* Begin PBXFrameworksBuildPhase section */
		DBB50F9F230C68A800511547 /* Frameworks */ = {
			isa = PBXFrameworksBuildPhase;
			buildActionMask = 2147483647;
			files = (
			);
			runOnlyForDeploymentPostprocessing = 0;
		};
/* End PBXFrameworksBuildPhase section */

/* Begin PBXGroup section */
		DBB50F99230C68A800511547 = {
			isa = PBXGroup;
			children = (
				DBB50FA4230C68A800511547 /* EsoArmoury */,
				DBB50FA3230C68A800511547 /* Products */,
			);
			sourceTree = "<group>";
		};
		DBB50FA3230C68A800511547 /* Products */ = {
			isa = PBXGroup;
			children = (
				DBB50FA2230C68A800511547 /* EsoArmoury.app */,
			);
			name = Products;
			sourceTree = "<group>";
		};
		DBB50FA4230C68A800511547 /* EsoArmoury */ = {
			isa = PBXGroup;
			children = (
				DBB50FA5230C68A800511547 /* AppDelegate.swift */,
				DBB50FA7230C68A800511547 /* SceneDelegate.swift */,
				DBB50FA9230C68A800511547 /* ContentView.swift */,
				DBB50FAB230C68A900511547 /* Assets.xcassets */,
				DBB50FB0230C68A900511547 /* LaunchScreen.storyboard */,
				DBB50FB3230C68A900511547 /* Info.plist */,
				DBB50FAD230C68A900511547 /* Preview Content */,
			);
			path = EsoArmoury;
			sourceTree = "<group>";
		};
		DBB50FAD230C68A900511547 /* Preview Content */ = {
			isa = PBXGroup;
			children = (
				DBB50FAE230C68A900511547 /* Preview Assets.xcassets */,
			);
			path = "Preview Content";
			sourceTree = "<group>";
		};
/* End PBXGroup section */

/* Begin PBXNativeTarget section */
		DBB50FA1230C68A800511547 /* EsoArmoury */ = {
			isa = PBXNativeTarget;
			buildConfigurationList = DBB50FB6230C68A900511547 /* Build configuration list for PBXNativeTarget "EsoArmoury" */;
			buildPhases = (
				DBB50F9E230C68A800511547 /* Sources */,
				DBB50F9F230C68A800511547 /* Frameworks */,
				DBB50FA0230C68A800511547 /* Resources */,
			);
			buildRules = (
			);
			dependencies = (
			);
			name = EsoArmoury;
			productName = EsoArmoury;
			productReference = DBB50FA2230C68A800511547 /* EsoArmoury.app */;
			productType = "com.apple.product-type.application";
		};
/* End PBXNativeTarget section */

/* Begin PBXProject section */
		DBB50F9A230C68A800511547 /* Project object */ = {
			isa = PBXProject;
			attributes = {
				LastSwiftUpdateCheck = 1100;
				LastUpgradeCheck = 1100;
				ORGANIZATIONNAME = walnut;
				TargetAttributes = {
					DBB50FA1230C68A800511547 = {
						CreatedOnToolsVersion = 11.0;
					};
				};
			};
			buildConfigurationList = DBB50F9D230C68A800511547 /* Build configuration list for PBXProject "EsoArmoury" */;
			compatibilityVersion = "Xcode 9.3";
			developmentRegion = en;
			hasScannedForEncodings = 0;
			knownRegions = (
				en,
				Base,
			);
			mainGroup = DBB50F99230C68A800511547;
			productRefGroup = DBB50FA3230C68A800511547 /* Products */;
			projectDirPath = "";
			projectRoot = "";
			targets = (
				DBB50FA1230C68A800511547 /* EsoArmoury */,
			);
		};
/* End PBXProject section */

/* Begin PBXResourcesBuildPhase section */
		DBB50FA0230C68A800511547 /* Resources */ = {
			isa = PBXResourcesBuildPhase;
			buildActionMask = 2147483647;
			files = (
				DBB50FB2230C68A900511547 /* LaunchScreen.storyboard in Resources */,
				DBB50FAF230C68A900511547 /* Preview Assets.xcassets in Resources */,
				DBB50FAC230C68A900511547 /* Assets.xcassets in Resources */,
			);
			runOnlyForDeploymentPostprocessing = 0;
		};
/* End PBXResourcesBuildPhase section */

/* Begin PBXSourcesBuildPhase section */
		DBB50F9E230C68A800511547 /* Sources */ = {
			isa = PBXSourcesBuildPhase;
			buildActionMask = 2147483647;
			files = (
				DBB50FA6230C68A800511547 /* AppDelegate.swift in Sources */,
				DBB50FA8230C68A800511547 /* SceneDelegate.swift in Sources */,
				DBB50FAA230C68A800511547 /* ContentView.swift in Sources */,
			);
			runOnlyForDeploymentPostprocessing = 0;
		};
/* End PBXSourcesBuildPhase section */

/* Begin PBXVariantGroup section */
		DBB50FB0230C68A900511547 /* LaunchScreen.storyboard */ = {
			isa = PBXVariantGroup;
			children = (
				DBB50FB1230C68A900511547 /* Base */,
			);
			name = LaunchScreen.storyboard;
			sourceTree = "<group>";
		};
/* End PBXVariantGroup section */

/* Begin XCBuildConfiguration section */
		DBB50FB4230C68A900511547 /* Debug */ = {
			isa = XCBuildConfiguration;
			buildSettings = {
				ALWAYS_SEARCH_USER_PATHS = NO;
				CLANG_ANALYZER_NONNULL = YES;
				CLANG_ANALYZER_NUMBER_OBJECT_CONVERSION = YES_AGGRESSIVE;
				CLANG_CXX_LANGUAGE_STANDARD = "gnu++14";
				CLANG_CXX_LIBRARY = "libc++";
				CLANG_ENABLE_MODULES = YES;
				CLANG_ENABLE_OBJC_ARC = YES;
				CLANG_ENABLE_OBJC_WEAK = YES;
				CLANG_WARN_BLOCK_CAPTURE_AUTORELEASING = YES;
				CLANG_WARN_BOOL_CONVERSION = YES;
				CLANG_WARN_COMMA = YES;
				CLANG_WARN_CONSTANT_CONVERSION = YES;
				CLANG_WARN_DEPRECATED_OBJC_IMPLEMENTATIONS = YES;
				CLANG_WARN_DIRECT_OBJC_ISA_USAGE = YES_ERROR;
				CLANG_WARN_DOCUMENTATION_COMMENTS = YES;
				CLANG_WARN_EMPTY_BODY = YES;
				CLANG_WARN_ENUM_CONVERSION = YES;
				CLANG_WARN_INFINITE_RECURSION = YES;
				CLANG_WARN_INT_CONVERSION = YES;
				CLANG_WARN_NON_LITERAL_NULL_CONVERSION = YES;
				CLANG_WARN_OBJC_IMPLICIT_RETAIN_SELF = YES;
				CLANG_WARN_OBJC_LITERAL_CONVERSION = YES;
				CLANG_WARN_OBJC_ROOT_CLASS = YES_ERROR;
				CLANG_WARN_RANGE_LOOP_ANALYSIS = YES;
				CLANG_WARN_STRICT_PROTOTYPES = YES;
				CLANG_WARN_SUSPICIOUS_MOVE = YES;
				CLANG_WARN_UNGUARDED_AVAILABILITY = YES_AGGRESSIVE;
				CLANG_WARN_UNREACHABLE_CODE = YES;
				CLANG_WARN__DUPLICATE_METHOD_MATCH = YES;
				COPY_PHASE_STRIP = NO;
				DEBUG_INFORMATION_FORMAT = dwarf;
				ENABLE_STRICT_OBJC_MSGSEND = YES;
				ENABLE_TESTABILITY = YES;
				GCC_C_LANGUAGE_STANDARD = gnu11;
				GCC_DYNAMIC_NO_PIC = NO;
				GCC_NO_COMMON_BLOCKS = YES;
				GCC_OPTIMIZATION_LEVEL = 0;
				GCC_PREPROCESSOR_DEFINITIONS = (
					"DEBUG=1",
					"$(inherited)",
				);
				GCC_WARN_64_TO_32_BIT_CONVERSION = YES;
				GCC_WARN_ABOUT_RETURN_TYPE = YES_ERROR;
				GCC_WARN_UNDECLARED_SELECTOR = YES;
				GCC_WARN_UNINITIALIZED_AUTOS = YES_AGGRESSIVE;
				GCC_WARN_UNUSED_FUNCTION = YES;
				GCC_WARN_UNUSED_VARIABLE = YES;
				IPHONEOS_DEPLOYMENT_TARGET = 13.0;
				MTL_ENABLE_DEBUG_INFO = INCLUDE_SOURCE;
				MTL_FAST_MATH = YES;
				ONLY_ACTIVE_ARCH = YES;
				SDKROOT = iphoneos;
				SWIFT_ACTIVE_COMPILATION_CONDITIONS = DEBUG;
				SWIFT_OPTIMIZATION_LEVEL = "-Onone";
			};
			name = Debug;
		};
		DBB50FB5230C68A900511547 /* Release */ = {
			isa = XCBuildConfiguration;
			buildSettings = {
				ALWAYS_SEARCH_USER_PATHS = NO;
				CLANG_ANALYZER_NONNULL = YES;
				CLANG_ANALYZER_NUMBER_OBJECT_CONVERSION = YES_AGGRESSIVE;
				CLANG_CXX_LANGUAGE_STANDARD = "gnu++14";
				CLANG_CXX_LIBRARY = "libc++";
				CLANG_ENABLE_MODULES = YES;
				CLANG_ENABLE_OBJC_ARC = YES;
				CLANG_ENABLE_OBJC_WEAK = YES;
				CLANG_WARN_BLOCK_CAPTURE_AUTORELEASING = YES;
				CLANG_WARN_BOOL_CONVERSION = YES;
				CLANG_WARN_COMMA = YES;
				CLANG_WARN_CONSTANT_CONVERSION = YES;
				CLANG_WARN_DEPRECATED_OBJC_IMPLEMENTATIONS = YES;
				CLANG_WARN_DIRECT_OBJC_ISA_USAGE = YES_ERROR;
				CLANG_WARN_DOCUMENTATION_COMMENTS = YES;
				CLANG_WARN_EMPTY_BODY = YES;
				CLANG_WARN_ENUM_CONVERSION = YES;
				CLANG_WARN_INFINITE_RECURSION = YES;
				CLANG_WARN_INT_CONVERSION = YES;
				CLANG_WARN_NON_LITERAL_NULL_CONVERSION = YES;
				CLANG_WARN_OBJC_IMPLICIT_RETAIN_SELF = YES;
				CLANG_WARN_OBJC_LITERAL_CONVERSION = YES;
				CLANG_WARN_OBJC_ROOT_CLASS = YES_ERROR;
				CLANG_WARN_RANGE_LOOP_ANALYSIS = YES;
				CLANG_WARN_STRICT_PROTOTYPES = YES;
				CLANG_WARN_SUSPICIOUS_MOVE = YES;
				CLANG_WARN_UNGUARDED_AVAILABILITY = YES_AGGRESSIVE;
				CLANG_WARN_UNREACHABLE_CODE = YES;
				CLANG_WARN__DUPLICATE_METHOD_MATCH = YES;
				COPY_PHASE_STRIP = NO;
				DEBUG_INFORMATION_FORMAT = "dwarf-with-dsym";
				ENABLE_NS_ASSERTIONS = NO;
				ENABLE_STRICT_OBJC_MSGSEND = YES;
				GCC_C_LANGUAGE_STANDARD = gnu11;
				GCC_NO_COMMON_BLOCKS = YES;
				GCC_WARN_64_TO_32_BIT_CONVERSION = YES;
				GCC_WARN_ABOUT_RETURN_TYPE = YES_ERROR;
				GCC_WARN_UNDECLARED_SELECTOR = YES;
				GCC_WARN_UNINITIALIZED_AUTOS = YES_AGGRESSIVE;
				GCC_WARN_UNUSED_FUNCTION = YES;
				GCC_WARN_UNUSED_VARIABLE = YES;
				IPHONEOS_DEPLOYMENT_TARGET = 13.0;
				MTL_ENABLE_DEBUG_INFO = NO;
				MTL_FAST_MATH = YES;
				SDKROOT = iphoneos;
				SWIFT_COMPILATION_MODE = wholemodule;
				SWIFT_OPTIMIZATION_LEVEL = "-O";
				VALIDATE_PRODUCT = YES;
			};
			name = Release;
		};
		DBB50FB7230C68A900511547 /* Debug */ = {
			isa = XCBuildConfiguration;
			buildSettings = {
				ASSETCATALOG_COMPILER_APPICON_NAME = AppIcon;
				CODE_SIGN_STYLE = Automatic;
				DEVELOPMENT_ASSET_PATHS = "EsoArmoury/Preview\\ Content";
				DEVELOPMENT_TEAM = 4B6DW784JG;
				ENABLE_PREVIEWS = YES;
				INFOPLIST_FILE = EsoArmoury/Info.plist;
				LD_RUNPATH_SEARCH_PATHS = (
					"$(inherited)",
					"@executable_path/Frameworks",
				);
				PRODUCT_BUNDLE_IDENTIFIER = com.nickyhurst.EsoArmoury;
				PRODUCT_NAME = "$(TARGET_NAME)";
				SWIFT_VERSION = 5.0;
				TARGETED_DEVICE_FAMILY = "1,2";
			};
			name = Debug;
		};
		DBB50FB8230C68A900511547 /* Release */ = {
			isa = XCBuildConfiguration;
			buildSettings = {
				ASSETCATALOG_COMPILER_APPICON_NAME = AppIcon;
				CODE_SIGN_STYLE = Automatic;
				DEVELOPMENT_ASSET_PATHS = "EsoArmoury/Preview\\ Content";
				DEVELOPMENT_TEAM = 4B6DW784JG;
				ENABLE_PREVIEWS = YES;
				INFOPLIST_FILE = EsoArmoury/Info.plist;
				LD_RUNPATH_SEARCH_PATHS = (
					"$(inherited)",
					"@executable_path/Frameworks",
				);
				PRODUCT_BUNDLE_IDENTIFIER = com.nickyhurst.EsoArmoury;
				PRODUCT_NAME = "$(TARGET_NAME)";
				SWIFT_VERSION = 5.0;
				TARGETED_DEVICE_FAMILY = "1,2";
			};
			name = Release;
		};
/* End XCBuildConfiguration section */

/* Begin XCConfigurationList section */
		DBB50F9D230C68A800511547 /* Build configuration list for PBXProject "EsoArmoury" */ = {
			isa = XCConfigurationList;
			buildConfigurations = (
				DBB50FB4230C68A900511547 /* Debug */,
				DBB50FB5230C68A900511547 /* Release */,
			);
			defaultConfigurationIsVisible = 0;
			defaultConfigurationName = Release;
		};
		DBB50FB6230C68A900511547 /* Build configuration list for PBXNativeTarget "EsoArmoury" */ = {
			isa = XCConfigurationList;
			buildConfigurations = (
				DBB50FB7230C68A900511547 /* Debug */,
				DBB50FB8230C68A900511547 /* Release */,
			);
			defaultConfigurationIsVisible = 0;
			defaultConfigurationName = Release;
		};
/* End XCConfigurationList section */
	};
	rootObject = DBB50F9A230C68A800511547 /* Project object */;
}
